// !$*UTF8*$!
{
	archiveVersion = 1;
	classes = {
	};
	objectVersion = 56;
	objects = {

/* Begin PBXBuildFile section */
		11ECA64629C01BA500D797C8 /* caught_a_vibeApp.swift in Sources */ = {isa = PBXBuildFile; fileRef = 11ECA64529C01BA500D797C8 /* caught_a_vibeApp.swift */; };
		11ECA64829C01BA500D797C8 /* ContentView.swift in Sources */ = {isa = PBXBuildFile; fileRef = 11ECA64729C01BA500D797C8 /* ContentView.swift */; };
		11ECA64A29C01BA600D797C8 /* Assets.xcassets in Resources */ = {isa = PBXBuildFile; fileRef = 11ECA64929C01BA600D797C8 /* Assets.xcassets */; };
		11ECA64D29C01BA600D797C8 /* Preview Assets.xcassets in Resources */ = {isa = PBXBuildFile; fileRef = 11ECA64C29C01BA600D797C8 /* Preview Assets.xcassets */; };
		11ECA65929C0247200D797C8 /* FirebaseAnalytics in Frameworks */ = {isa = PBXBuildFile; productRef = 11ECA65829C0247200D797C8 /* FirebaseAnalytics */; };
		11ECA65B29C0247200D797C8 /* FirebaseAnalyticsSwift in Frameworks */ = {isa = PBXBuildFile; productRef = 11ECA65A29C0247200D797C8 /* FirebaseAnalyticsSwift */; };
		11ECA65D29C0247200D797C8 /* FirebaseAppCheck in Frameworks */ = {isa = PBXBuildFile; productRef = 11ECA65C29C0247200D797C8 /* FirebaseAppCheck */; };
		11ECA65F29C0247200D797C8 /* FirebaseAuth in Frameworks */ = {isa = PBXBuildFile; productRef = 11ECA65E29C0247200D797C8 /* FirebaseAuth */; };
		11ECA66129C0247200D797C8 /* FirebaseCrashlytics in Frameworks */ = {isa = PBXBuildFile; productRef = 11ECA66029C0247200D797C8 /* FirebaseCrashlytics */; };
		11ECA66329C0247200D797C8 /* FirebaseDatabase in Frameworks */ = {isa = PBXBuildFile; productRef = 11ECA66229C0247200D797C8 /* FirebaseDatabase */; };
		11ECA66529C0247200D797C8 /* FirebaseDatabaseSwift in Frameworks */ = {isa = PBXBuildFile; productRef = 11ECA66429C0247200D797C8 /* FirebaseDatabaseSwift */; };
		11ECA66729C0247200D797C8 /* FirebaseFirestore in Frameworks */ = {isa = PBXBuildFile; productRef = 11ECA66629C0247200D797C8 /* FirebaseFirestore */; };
		11ECA66929C0247200D797C8 /* FirebaseFirestoreSwift in Frameworks */ = {isa = PBXBuildFile; productRef = 11ECA66829C0247200D797C8 /* FirebaseFirestoreSwift */; };
		11ECA66B29C0247200D797C8 /* FirebaseFunctions in Frameworks */ = {isa = PBXBuildFile; productRef = 11ECA66A29C0247200D797C8 /* FirebaseFunctions */; };
		11ECA66D29C0247200D797C8 /* FirebaseMessaging in Frameworks */ = {isa = PBXBuildFile; productRef = 11ECA66C29C0247200D797C8 /* FirebaseMessaging */; };
		11ECA66F29C0247200D797C8 /* FirebasePerformance in Frameworks */ = {isa = PBXBuildFile; productRef = 11ECA66E29C0247200D797C8 /* FirebasePerformance */; };
		11ECA67129C0247200D797C8 /* FirebaseStorage in Frameworks */ = {isa = PBXBuildFile; productRef = 11ECA67029C0247200D797C8 /* FirebaseStorage */; };
		11ECA67F29C0287700D797C8 /* HomeMapView.swift in Sources */ = {isa = PBXBuildFile; fileRef = 11ECA67E29C0287700D797C8 /* HomeMapView.swift */; };
		11ECA68129C029A500D797C8 /* HomeMapViewRepresentable.swift in Sources */ = {isa = PBXBuildFile; fileRef = 11ECA68029C029A500D797C8 /* HomeMapViewRepresentable.swift */; };
		11ECA68329C0392200D797C8 /* LocationManager.swift in Sources */ = {isa = PBXBuildFile; fileRef = 11ECA68229C0392200D797C8 /* LocationManager.swift */; };
		11ECA68829C0AAF900D797C8 /* LoginView.swift in Sources */ = {isa = PBXBuildFile; fileRef = 11ECA68729C0AAF900D797C8 /* LoginView.swift */; };
		F3E6884529C0B527008D880A /* GoogleService-Info.plist in Resources */ = {isa = PBXBuildFile; fileRef = F3E6884429C0B527008D880A /* GoogleService-Info.plist */; };
		F3E6884929C15992008D880A /* SessionManager.swift in Sources */ = {isa = PBXBuildFile; fileRef = F3E6884829C15992008D880A /* SessionManager.swift */; };
		F3E6884B29C159CD008D880A /* RegisterView.swift in Sources */ = {isa = PBXBuildFile; fileRef = F3E6884A29C159CD008D880A /* RegisterView.swift */; };
		F3E6885129C15ADA008D880A /* DancingScript-Bold.ttf in Resources */ = {isa = PBXBuildFile; fileRef = F3E6884D29C15ADA008D880A /* DancingScript-Bold.ttf */; };
		F3E6885229C15ADA008D880A /* DancingScript-Medium.ttf in Resources */ = {isa = PBXBuildFile; fileRef = F3E6884E29C15ADA008D880A /* DancingScript-Medium.ttf */; };
		F3E6885329C15ADA008D880A /* DancingScript-SemiBold.ttf in Resources */ = {isa = PBXBuildFile; fileRef = F3E6884F29C15ADA008D880A /* DancingScript-SemiBold.ttf */; };
		F3E6885429C15ADA008D880A /* DancingScript-Regular.ttf in Resources */ = {isa = PBXBuildFile; fileRef = F3E6885029C15ADA008D880A /* DancingScript-Regular.ttf */; };
		F3E6885729C1FE4D008D880A /* FirestoreManager.swift in Sources */ = {isa = PBXBuildFile; fileRef = F3E6885629C1FE4D008D880A /* FirestoreManager.swift */; };
/* End PBXBuildFile section */

/* Begin PBXFileReference section */
		11ECA64229C01BA500D797C8 /* caught-a-vibe.app */ = {isa = PBXFileReference; explicitFileType = wrapper.application; includeInIndex = 0; path = "caught-a-vibe.app"; sourceTree = BUILT_PRODUCTS_DIR; };
		11ECA64529C01BA500D797C8 /* caught_a_vibeApp.swift */ = {isa = PBXFileReference; lastKnownFileType = sourcecode.swift; path = caught_a_vibeApp.swift; sourceTree = "<group>"; };
		11ECA64729C01BA500D797C8 /* ContentView.swift */ = {isa = PBXFileReference; lastKnownFileType = sourcecode.swift; path = ContentView.swift; sourceTree = "<group>"; };
		11ECA64929C01BA600D797C8 /* Assets.xcassets */ = {isa = PBXFileReference; lastKnownFileType = folder.assetcatalog; path = Assets.xcassets; sourceTree = "<group>"; };
		11ECA64C29C01BA600D797C8 /* Preview Assets.xcassets */ = {isa = PBXFileReference; lastKnownFileType = folder.assetcatalog; path = "Preview Assets.xcassets"; sourceTree = "<group>"; };
		11ECA67E29C0287700D797C8 /* HomeMapView.swift */ = {isa = PBXFileReference; lastKnownFileType = sourcecode.swift; path = HomeMapView.swift; sourceTree = "<group>"; };
		11ECA68029C029A500D797C8 /* HomeMapViewRepresentable.swift */ = {isa = PBXFileReference; lastKnownFileType = sourcecode.swift; path = HomeMapViewRepresentable.swift; sourceTree = "<group>"; };
		11ECA68229C0392200D797C8 /* LocationManager.swift */ = {isa = PBXFileReference; lastKnownFileType = sourcecode.swift; path = LocationManager.swift; sourceTree = "<group>"; };
		11ECA68729C0AAF900D797C8 /* LoginView.swift */ = {isa = PBXFileReference; lastKnownFileType = sourcecode.swift; path = LoginView.swift; sourceTree = "<group>"; };
		F3E6884429C0B527008D880A /* GoogleService-Info.plist */ = {isa = PBXFileReference; fileEncoding = 4; lastKnownFileType = text.plist.xml; path = "GoogleService-Info.plist"; sourceTree = "<group>"; };
		F3E6884829C15992008D880A /* SessionManager.swift */ = {isa = PBXFileReference; lastKnownFileType = sourcecode.swift; path = SessionManager.swift; sourceTree = "<group>"; };
		F3E6884A29C159CD008D880A /* RegisterView.swift */ = {isa = PBXFileReference; lastKnownFileType = sourcecode.swift; path = RegisterView.swift; sourceTree = "<group>"; };
		F3E6884D29C15ADA008D880A /* DancingScript-Bold.ttf */ = {isa = PBXFileReference; lastKnownFileType = file; path = "DancingScript-Bold.ttf"; sourceTree = "<group>"; };
		F3E6884E29C15ADA008D880A /* DancingScript-Medium.ttf */ = {isa = PBXFileReference; lastKnownFileType = file; path = "DancingScript-Medium.ttf"; sourceTree = "<group>"; };
		F3E6884F29C15ADA008D880A /* DancingScript-SemiBold.ttf */ = {isa = PBXFileReference; lastKnownFileType = file; path = "DancingScript-SemiBold.ttf"; sourceTree = "<group>"; };
		F3E6885029C15ADA008D880A /* DancingScript-Regular.ttf */ = {isa = PBXFileReference; lastKnownFileType = file; path = "DancingScript-Regular.ttf"; sourceTree = "<group>"; };
		F3E6885529C15B08008D880A /* Info.plist */ = {isa = PBXFileReference; lastKnownFileType = text.plist; path = Info.plist; sourceTree = "<group>"; };
		F3E6885629C1FE4D008D880A /* FirestoreManager.swift */ = {isa = PBXFileReference; lastKnownFileType = sourcecode.swift; path = FirestoreManager.swift; sourceTree = "<group>"; };
/* End PBXFileReference section */

/* Begin PBXFrameworksBuildPhase section */
		11ECA63F29C01BA500D797C8 /* Frameworks */ = {
			isa = PBXFrameworksBuildPhase;
			buildActionMask = 2147483647;
			files = (
				11ECA66529C0247200D797C8 /* FirebaseDatabaseSwift in Frameworks */,
				11ECA66329C0247200D797C8 /* FirebaseDatabase in Frameworks */,
				11ECA66F29C0247200D797C8 /* FirebasePerformance in Frameworks */,
				11ECA65B29C0247200D797C8 /* FirebaseAnalyticsSwift in Frameworks */,
				11ECA65D29C0247200D797C8 /* FirebaseAppCheck in Frameworks */,
				11ECA66129C0247200D797C8 /* FirebaseCrashlytics in Frameworks */,
				11ECA66729C0247200D797C8 /* FirebaseFirestore in Frameworks */,
				11ECA65929C0247200D797C8 /* FirebaseAnalytics in Frameworks */,
				11ECA67129C0247200D797C8 /* FirebaseStorage in Frameworks */,
				11ECA66B29C0247200D797C8 /* FirebaseFunctions in Frameworks */,
				11ECA65F29C0247200D797C8 /* FirebaseAuth in Frameworks */,
				11ECA66D29C0247200D797C8 /* FirebaseMessaging in Frameworks */,
				11ECA66929C0247200D797C8 /* FirebaseFirestoreSwift in Frameworks */,
			);
			runOnlyForDeploymentPostprocessing = 0;
		};
/* End PBXFrameworksBuildPhase section */

/* Begin PBXGroup section */
		11ECA63929C01BA500D797C8 = {
			isa = PBXGroup;
			children = (
				11ECA64429C01BA500D797C8 /* caught-a-vibe */,
				11ECA64329C01BA500D797C8 /* Products */,
			);
			sourceTree = "<group>";
		};
		11ECA64329C01BA500D797C8 /* Products */ = {
			isa = PBXGroup;
			children = (
				11ECA64229C01BA500D797C8 /* caught-a-vibe.app */,
			);
			name = Products;
			sourceTree = "<group>";
		};
		11ECA64429C01BA500D797C8 /* caught-a-vibe */ = {
			isa = PBXGroup;
			children = (
				F3E6885529C15B08008D880A /* Info.plist */,
				F3E6884C29C15ACE008D880A /* Fonts */,
				F3E6884729C0B613008D880A /* Extensions */,
				F3E6884629C0B5DB008D880A /* Models */,
				F3E6884429C0B527008D880A /* GoogleService-Info.plist */,
				11ECA67529C024D100D797C8 /* Managers */,
				11ECA67329C024B300D797C8 /* Core */,
				11ECA67229C024AA00D797C8 /* App */,
				11ECA64929C01BA600D797C8 /* Assets.xcassets */,
				11ECA64B29C01BA600D797C8 /* Preview Content */,
			);
			path = "caught-a-vibe";
			sourceTree = "<group>";
		};
		11ECA64B29C01BA600D797C8 /* Preview Content */ = {
			isa = PBXGroup;
			children = (
				11ECA64C29C01BA600D797C8 /* Preview Assets.xcassets */,
			);
			path = "Preview Content";
			sourceTree = "<group>";
		};
		11ECA67229C024AA00D797C8 /* App */ = {
			isa = PBXGroup;
			children = (
				11ECA64529C01BA500D797C8 /* caught_a_vibeApp.swift */,
			);
			path = App;
			sourceTree = "<group>";
		};
		11ECA67329C024B300D797C8 /* Core */ = {
			isa = PBXGroup;
			children = (
				11ECA68429C0AACB00D797C8 /* Login */,
				11ECA67B29C0283F00D797C8 /* HomeMap */,
				11ECA67829C0250A00D797C8 /* Content */,
			);
			path = Core;
			sourceTree = "<group>";
		};
		11ECA67529C024D100D797C8 /* Managers */ = {
			isa = PBXGroup;
			children = (
				11ECA68229C0392200D797C8 /* LocationManager.swift */,
				F3E6884829C15992008D880A /* SessionManager.swift */,
				F3E6885629C1FE4D008D880A /* FirestoreManager.swift */,
			);
			path = Managers;
			sourceTree = "<group>";
		};
		11ECA67829C0250A00D797C8 /* Content */ = {
			isa = PBXGroup;
			children = (
				11ECA67A29C0251C00D797C8 /* ViewModel */,
				11ECA67929C0251400D797C8 /* Views */,
			);
			path = Content;
			sourceTree = "<group>";
		};
		11ECA67929C0251400D797C8 /* Views */ = {
			isa = PBXGroup;
			children = (
				11ECA64729C01BA500D797C8 /* ContentView.swift */,
			);
			path = Views;
			sourceTree = "<group>";
		};
		11ECA67A29C0251C00D797C8 /* ViewModel */ = {
			isa = PBXGroup;
			children = (
			);
			path = ViewModel;
			sourceTree = "<group>";
		};
		11ECA67B29C0283F00D797C8 /* HomeMap */ = {
			isa = PBXGroup;
			children = (
				11ECA67D29C0285A00D797C8 /* ViewModel */,
				11ECA67C29C0285300D797C8 /* Views */,
			);
			path = HomeMap;
			sourceTree = "<group>";
		};
		11ECA67C29C0285300D797C8 /* Views */ = {
			isa = PBXGroup;
			children = (
				11ECA67E29C0287700D797C8 /* HomeMapView.swift */,
				11ECA68029C029A500D797C8 /* HomeMapViewRepresentable.swift */,
			);
			path = Views;
			sourceTree = "<group>";
		};
		11ECA67D29C0285A00D797C8 /* ViewModel */ = {
			isa = PBXGroup;
			children = (
			);
			path = ViewModel;
			sourceTree = "<group>";
		};
		11ECA68429C0AACB00D797C8 /* Login */ = {
			isa = PBXGroup;
			children = (
				11ECA68629C0AAE000D797C8 /* ViewModel */,
				11ECA68529C0AAD200D797C8 /* Views */,
			);
			path = Login;
			sourceTree = "<group>";
		};
		11ECA68529C0AAD200D797C8 /* Views */ = {
			isa = PBXGroup;
			children = (
				11ECA68729C0AAF900D797C8 /* LoginView.swift */,
				F3E6884A29C159CD008D880A /* RegisterView.swift */,
			);
			path = Views;
			sourceTree = "<group>";
		};
		11ECA68629C0AAE000D797C8 /* ViewModel */ = {
			isa = PBXGroup;
			children = (
			);
			path = ViewModel;
			sourceTree = "<group>";
		};
		F3E6884629C0B5DB008D880A /* Models */ = {
			isa = PBXGroup;
			children = (
			);
			path = Models;
			sourceTree = "<group>";
		};
		F3E6884729C0B613008D880A /* Extensions */ = {
			isa = PBXGroup;
			children = (
			);
			path = Extensions;
			sourceTree = "<group>";
		};
		F3E6884C29C15ACE008D880A /* Fonts */ = {
			isa = PBXGroup;
			children = (
				F3E6884D29C15ADA008D880A /* DancingScript-Bold.ttf */,
				F3E6884E29C15ADA008D880A /* DancingScript-Medium.ttf */,
				F3E6885029C15ADA008D880A /* DancingScript-Regular.ttf */,
				F3E6884F29C15ADA008D880A /* DancingScript-SemiBold.ttf */,
			);
			path = Fonts;
			sourceTree = "<group>";
		};
/* End PBXGroup section */

/* Begin PBXNativeTarget section */
		11ECA64129C01BA500D797C8 /* caught-a-vibe */ = {
			isa = PBXNativeTarget;
			buildConfigurationList = 11ECA65029C01BA600D797C8 /* Build configuration list for PBXNativeTarget "caught-a-vibe" */;
			buildPhases = (
				11ECA63E29C01BA500D797C8 /* Sources */,
				11ECA63F29C01BA500D797C8 /* Frameworks */,
				11ECA64029C01BA500D797C8 /* Resources */,
			);
			buildRules = (
			);
			dependencies = (
			);
			name = "caught-a-vibe";
			packageProductDependencies = (
				11ECA65829C0247200D797C8 /* FirebaseAnalytics */,
				11ECA65A29C0247200D797C8 /* FirebaseAnalyticsSwift */,
				11ECA65C29C0247200D797C8 /* FirebaseAppCheck */,
				11ECA65E29C0247200D797C8 /* FirebaseAuth */,
				11ECA66029C0247200D797C8 /* FirebaseCrashlytics */,
				11ECA66229C0247200D797C8 /* FirebaseDatabase */,
				11ECA66429C0247200D797C8 /* FirebaseDatabaseSwift */,
				11ECA66629C0247200D797C8 /* FirebaseFirestore */,
				11ECA66829C0247200D797C8 /* FirebaseFirestoreSwift */,
				11ECA66A29C0247200D797C8 /* FirebaseFunctions */,
				11ECA66C29C0247200D797C8 /* FirebaseMessaging */,
				11ECA66E29C0247200D797C8 /* FirebasePerformance */,
				11ECA67029C0247200D797C8 /* FirebaseStorage */,
			);
			productName = "caught-a-vibe";
			productReference = 11ECA64229C01BA500D797C8 /* caught-a-vibe.app */;
			productType = "com.apple.product-type.application";
		};
/* End PBXNativeTarget section */

/* Begin PBXProject section */
		11ECA63A29C01BA500D797C8 /* Project object */ = {
			isa = PBXProject;
			attributes = {
				BuildIndependentTargetsInParallel = 1;
				LastSwiftUpdateCheck = 1420;
				LastUpgradeCheck = 1420;
				TargetAttributes = {
					11ECA64129C01BA500D797C8 = {
						CreatedOnToolsVersion = 14.2;
					};
				};
			};
			buildConfigurationList = 11ECA63D29C01BA500D797C8 /* Build configuration list for PBXProject "caught-a-vibe" */;
			compatibilityVersion = "Xcode 14.0";
			developmentRegion = en;
			hasScannedForEncodings = 0;
			knownRegions = (
				en,
				Base,
			);
			mainGroup = 11ECA63929C01BA500D797C8;
			packageReferences = (
				11ECA65729C0247200D797C8 /* XCRemoteSwiftPackageReference "firebase-ios-sdk" */,
			);
			productRefGroup = 11ECA64329C01BA500D797C8 /* Products */;
			projectDirPath = "";
			projectRoot = "";
			targets = (
				11ECA64129C01BA500D797C8 /* caught-a-vibe */,
			);
		};
/* End PBXProject section */

/* Begin PBXResourcesBuildPhase section */
		11ECA64029C01BA500D797C8 /* Resources */ = {
			isa = PBXResourcesBuildPhase;
			buildActionMask = 2147483647;
			files = (
				11ECA64D29C01BA600D797C8 /* Preview Assets.xcassets in Resources */,
				F3E6885329C15ADA008D880A /* DancingScript-SemiBold.ttf in Resources */,
				F3E6885129C15ADA008D880A /* DancingScript-Bold.ttf in Resources */,
				F3E6885429C15ADA008D880A /* DancingScript-Regular.ttf in Resources */,
				F3E6884529C0B527008D880A /* GoogleService-Info.plist in Resources */,
				F3E6885229C15ADA008D880A /* DancingScript-Medium.ttf in Resources */,
				11ECA64A29C01BA600D797C8 /* Assets.xcassets in Resources */,
			);
			runOnlyForDeploymentPostprocessing = 0;
		};
/* End PBXResourcesBuildPhase section */

/* Begin PBXSourcesBuildPhase section */
		11ECA63E29C01BA500D797C8 /* Sources */ = {
			isa = PBXSourcesBuildPhase;
			buildActionMask = 2147483647;
			files = (
				11ECA68829C0AAF900D797C8 /* LoginView.swift in Sources */,
				11ECA64829C01BA500D797C8 /* ContentView.swift in Sources */,
				11ECA67F29C0287700D797C8 /* HomeMapView.swift in Sources */,
				11ECA68329C0392200D797C8 /* LocationManager.swift in Sources */,
				11ECA64629C01BA500D797C8 /* caught_a_vibeApp.swift in Sources */,
				F3E6884B29C159CD008D880A /* RegisterView.swift in Sources */,
				11ECA68129C029A500D797C8 /* HomeMapViewRepresentable.swift in Sources */,
				F3E6885729C1FE4D008D880A /* FirestoreManager.swift in Sources */,
				F3E6884929C15992008D880A /* SessionManager.swift in Sources */,
			);
			runOnlyForDeploymentPostprocessing = 0;
		};
/* End PBXSourcesBuildPhase section */

/* Begin XCBuildConfiguration section */
		11ECA64E29C01BA600D797C8 /* Debug */ = {
			isa = XCBuildConfiguration;
			buildSettings = {
				ALWAYS_SEARCH_USER_PATHS = NO;
				CLANG_ANALYZER_NONNULL = YES;
				CLANG_ANALYZER_NUMBER_OBJECT_CONVERSION = YES_AGGRESSIVE;
				CLANG_CXX_LANGUAGE_STANDARD = "gnu++20";
				CLANG_ENABLE_MODULES = YES;
				CLANG_ENABLE_OBJC_ARC = YES;
				CLANG_ENABLE_OBJC_WEAK = YES;
				CLANG_WARN_BLOCK_CAPTURE_AUTORELEASING = YES;
				CLANG_WARN_BOOL_CONVERSION = YES;
				CLANG_WARN_COMMA = YES;
				CLANG_WARN_CONSTANT_CONVERSION = YES;
				CLANG_WARN_DEPRECATED_OBJC_IMPLEMENTATIONS = YES;
				CLANG_WARN_DIRECT_OBJC_ISA_USAGE = YES_ERROR;
				CLANG_WARN_DOCUMENTATION_COMMENTS = YES;
				CLANG_WARN_EMPTY_BODY = YES;
				CLANG_WARN_ENUM_CONVERSION = YES;
				CLANG_WARN_INFINITE_RECURSION = YES;
				CLANG_WARN_INT_CONVERSION = YES;
				CLANG_WARN_NON_LITERAL_NULL_CONVERSION = YES;
				CLANG_WARN_OBJC_IMPLICIT_RETAIN_SELF = YES;
				CLANG_WARN_OBJC_LITERAL_CONVERSION = YES;
				CLANG_WARN_OBJC_ROOT_CLASS = YES_ERROR;
				CLANG_WARN_QUOTED_INCLUDE_IN_FRAMEWORK_HEADER = YES;
				CLANG_WARN_RANGE_LOOP_ANALYSIS = YES;
				CLANG_WARN_STRICT_PROTOTYPES = YES;
				CLANG_WARN_SUSPICIOUS_MOVE = YES;
				CLANG_WARN_UNGUARDED_AVAILABILITY = YES_AGGRESSIVE;
				CLANG_WARN_UNREACHABLE_CODE = YES;
				CLANG_WARN__DUPLICATE_METHOD_MATCH = YES;
				COPY_PHASE_STRIP = NO;
				DEBUG_INFORMATION_FORMAT = dwarf;
				ENABLE_STRICT_OBJC_MSGSEND = YES;
				ENABLE_TESTABILITY = YES;
				GCC_C_LANGUAGE_STANDARD = gnu11;
				GCC_DYNAMIC_NO_PIC = NO;
				GCC_NO_COMMON_BLOCKS = YES;
				GCC_OPTIMIZATION_LEVEL = 0;
				GCC_PREPROCESSOR_DEFINITIONS = (
					"DEBUG=1",
					"$(inherited)",
				);
				GCC_WARN_64_TO_32_BIT_CONVERSION = YES;
				GCC_WARN_ABOUT_RETURN_TYPE = YES_ERROR;
				GCC_WARN_UNDECLARED_SELECTOR = YES;
				GCC_WARN_UNINITIALIZED_AUTOS = YES_AGGRESSIVE;
				GCC_WARN_UNUSED_FUNCTION = YES;
				GCC_WARN_UNUSED_VARIABLE = YES;
				IPHONEOS_DEPLOYMENT_TARGET = 16.2;
				MTL_ENABLE_DEBUG_INFO = INCLUDE_SOURCE;
				MTL_FAST_MATH = YES;
				ONLY_ACTIVE_ARCH = YES;
				SDKROOT = iphoneos;
				SWIFT_ACTIVE_COMPILATION_CONDITIONS = DEBUG;
				SWIFT_OPTIMIZATION_LEVEL = "-Onone";
			};
			name = Debug;
		};
		11ECA64F29C01BA600D797C8 /* Release */ = {
			isa = XCBuildConfiguration;
			buildSettings = {
				ALWAYS_SEARCH_USER_PATHS = NO;
				CLANG_ANALYZER_NONNULL = YES;
				CLANG_ANALYZER_NUMBER_OBJECT_CONVERSION = YES_AGGRESSIVE;
				CLANG_CXX_LANGUAGE_STANDARD = "gnu++20";
				CLANG_ENABLE_MODULES = YES;
				CLANG_ENABLE_OBJC_ARC = YES;
				CLANG_ENABLE_OBJC_WEAK = YES;
				CLANG_WARN_BLOCK_CAPTURE_AUTORELEASING = YES;
				CLANG_WARN_BOOL_CONVERSION = YES;
				CLANG_WARN_COMMA = YES;
				CLANG_WARN_CONSTANT_CONVERSION = YES;
				CLANG_WARN_DEPRECATED_OBJC_IMPLEMENTATIONS = YES;
				CLANG_WARN_DIRECT_OBJC_ISA_USAGE = YES_ERROR;
				CLANG_WARN_DOCUMENTATION_COMMENTS = YES;
				CLANG_WARN_EMPTY_BODY = YES;
				CLANG_WARN_ENUM_CONVERSION = YES;
				CLANG_WARN_INFINITE_RECURSION = YES;
				CLANG_WARN_INT_CONVERSION = YES;
				CLANG_WARN_NON_LITERAL_NULL_CONVERSION = YES;
				CLANG_WARN_OBJC_IMPLICIT_RETAIN_SELF = YES;
				CLANG_WARN_OBJC_LITERAL_CONVERSION = YES;
				CLANG_WARN_OBJC_ROOT_CLASS = YES_ERROR;
				CLANG_WARN_QUOTED_INCLUDE_IN_FRAMEWORK_HEADER = YES;
				CLANG_WARN_RANGE_LOOP_ANALYSIS = YES;
				CLANG_WARN_STRICT_PROTOTYPES = YES;
				CLANG_WARN_SUSPICIOUS_MOVE = YES;
				CLANG_WARN_UNGUARDED_AVAILABILITY = YES_AGGRESSIVE;
				CLANG_WARN_UNREACHABLE_CODE = YES;
				CLANG_WARN__DUPLICATE_METHOD_MATCH = YES;
				COPY_PHASE_STRIP = NO;
				DEBUG_INFORMATION_FORMAT = "dwarf-with-dsym";
				ENABLE_NS_ASSERTIONS = NO;
				ENABLE_STRICT_OBJC_MSGSEND = YES;
				GCC_C_LANGUAGE_STANDARD = gnu11;
				GCC_NO_COMMON_BLOCKS = YES;
				GCC_WARN_64_TO_32_BIT_CONVERSION = YES;
				GCC_WARN_ABOUT_RETURN_TYPE = YES_ERROR;
				GCC_WARN_UNDECLARED_SELECTOR = YES;
				GCC_WARN_UNINITIALIZED_AUTOS = YES_AGGRESSIVE;
				GCC_WARN_UNUSED_FUNCTION = YES;
				GCC_WARN_UNUSED_VARIABLE = YES;
				IPHONEOS_DEPLOYMENT_TARGET = 16.2;
				MTL_ENABLE_DEBUG_INFO = NO;
				MTL_FAST_MATH = YES;
				SDKROOT = iphoneos;
				SWIFT_COMPILATION_MODE = wholemodule;
				SWIFT_OPTIMIZATION_LEVEL = "-O";
				VALIDATE_PRODUCT = YES;
			};
			name = Release;
		};
		11ECA65129C01BA600D797C8 /* Debug */ = {
			isa = XCBuildConfiguration;
			buildSettings = {
				ASSETCATALOG_COMPILER_APPICON_NAME = AppIcon;
				ASSETCATALOG_COMPILER_GLOBAL_ACCENT_COLOR_NAME = AccentColor;
				CODE_SIGN_STYLE = Automatic;
				CURRENT_PROJECT_VERSION = 1;
				DEVELOPMENT_ASSET_PATHS = "\"caught-a-vibe/Preview Content\"";
				DEVELOPMENT_TEAM = 22DVX8F9MG;
				ENABLE_PREVIEWS = YES;
				GENERATE_INFOPLIST_FILE = YES;
				INFOPLIST_FILE = "caught-a-vibe/Info.plist";
				INFOPLIST_KEY_NSLocationWhenInUseUsageDescription = "Please allow us to use your location to find potential vibes near you.";
				INFOPLIST_KEY_UIApplicationSceneManifest_Generation = YES;
				INFOPLIST_KEY_UIApplicationSupportsIndirectInputEvents = YES;
				INFOPLIST_KEY_UILaunchScreen_Generation = YES;
				INFOPLIST_KEY_UISupportedInterfaceOrientations_iPad = "UIInterfaceOrientationPortrait UIInterfaceOrientationPortraitUpsideDown UIInterfaceOrientationLandscapeLeft UIInterfaceOrientationLandscapeRight";
				INFOPLIST_KEY_UISupportedInterfaceOrientations_iPhone = "UIInterfaceOrientationPortrait UIInterfaceOrientationLandscapeLeft UIInterfaceOrientationLandscapeRight";
				LD_RUNPATH_SEARCH_PATHS = (
					"$(inherited)",
					"@executable_path/Frameworks",
				);
				MARKETING_VERSION = 1.0;
				PRODUCT_BUNDLE_IDENTIFIER = "com.MattDev.caught-a-vibe";
				PRODUCT_NAME = "$(TARGET_NAME)";
				SWIFT_EMIT_LOC_STRINGS = YES;
				SWIFT_VERSION = 5.0;
				TARGETED_DEVICE_FAMILY = "1,2";
			};
			name = Debug;
		};
		11ECA65229C01BA600D797C8 /* Release */ = {
			isa = XCBuildConfiguration;
			buildSettings = {
				ASSETCATALOG_COMPILER_APPICON_NAME = AppIcon;
				ASSETCATALOG_COMPILER_GLOBAL_ACCENT_COLOR_NAME = AccentColor;
				CODE_SIGN_STYLE = Automatic;
				CURRENT_PROJECT_VERSION = 1;
				DEVELOPMENT_ASSET_PATHS = "\"caught-a-vibe/Preview Content\"";
				DEVELOPMENT_TEAM = 22DVX8F9MG;
				ENABLE_PREVIEWS = YES;
				GENERATE_INFOPLIST_FILE = YES;
				INFOPLIST_FILE = "caught-a-vibe/Info.plist";
				INFOPLIST_KEY_NSLocationWhenInUseUsageDescription = "Please allow us to use your location to find potential vibes near you.";
				INFOPLIST_KEY_UIApplicationSceneManifest_Generation = YES;
				INFOPLIST_KEY_UIApplicationSupportsIndirectInputEvents = YES;
				INFOPLIST_KEY_UILaunchScreen_Generation = YES;
				INFOPLIST_KEY_UISupportedInterfaceOrientations_iPad = "UIInterfaceOrientationPortrait UIInterfaceOrientationPortraitUpsideDown UIInterfaceOrientationLandscapeLeft UIInterfaceOrientationLandscapeRight";
				INFOPLIST_KEY_UISupportedInterfaceOrientations_iPhone = "UIInterfaceOrientationPortrait UIInterfaceOrientationLandscapeLeft UIInterfaceOrientationLandscapeRight";
				LD_RUNPATH_SEARCH_PATHS = (
					"$(inherited)",
					"@executable_path/Frameworks",
				);
				MARKETING_VERSION = 1.0;
				PRODUCT_BUNDLE_IDENTIFIER = "com.MattDev.caught-a-vibe";
				PRODUCT_NAME = "$(TARGET_NAME)";
				SWIFT_EMIT_LOC_STRINGS = YES;
				SWIFT_VERSION = 5.0;
				TARGETED_DEVICE_FAMILY = "1,2";
			};
			name = Release;
		};
/* End XCBuildConfiguration section */

/* Begin XCConfigurationList section */
		11ECA63D29C01BA500D797C8 /* Build configuration list for PBXProject "caught-a-vibe" */ = {
			isa = XCConfigurationList;
			buildConfigurations = (
				11ECA64E29C01BA600D797C8 /* Debug */,
				11ECA64F29C01BA600D797C8 /* Release */,
			);
			defaultConfigurationIsVisible = 0;
			defaultConfigurationName = Release;
		};
		11ECA65029C01BA600D797C8 /* Build configuration list for PBXNativeTarget "caught-a-vibe" */ = {
			isa = XCConfigurationList;
			buildConfigurations = (
				11ECA65129C01BA600D797C8 /* Debug */,
				11ECA65229C01BA600D797C8 /* Release */,
			);
			defaultConfigurationIsVisible = 0;
			defaultConfigurationName = Release;
		};
/* End XCConfigurationList section */

/* Begin XCRemoteSwiftPackageReference section */
		11ECA65729C0247200D797C8 /* XCRemoteSwiftPackageReference "firebase-ios-sdk" */ = {
			isa = XCRemoteSwiftPackageReference;
			repositoryURL = "https://github.com/firebase/firebase-ios-sdk";
			requirement = {
				branch = master;
				kind = branch;
			};
		};
/* End XCRemoteSwiftPackageReference section */

/* Begin XCSwiftPackageProductDependency section */
		11ECA65829C0247200D797C8 /* FirebaseAnalytics */ = {
			isa = XCSwiftPackageProductDependency;
			package = 11ECA65729C0247200D797C8 /* XCRemoteSwiftPackageReference "firebase-ios-sdk" */;
			productName = FirebaseAnalytics;
		};
		11ECA65A29C0247200D797C8 /* FirebaseAnalyticsSwift */ = {
			isa = XCSwiftPackageProductDependency;
			package = 11ECA65729C0247200D797C8 /* XCRemoteSwiftPackageReference "firebase-ios-sdk" */;
			productName = FirebaseAnalyticsSwift;
		};
		11ECA65C29C0247200D797C8 /* FirebaseAppCheck */ = {
			isa = XCSwiftPackageProductDependency;
			package = 11ECA65729C0247200D797C8 /* XCRemoteSwiftPackageReference "firebase-ios-sdk" */;
			productName = FirebaseAppCheck;
		};
		11ECA65E29C0247200D797C8 /* FirebaseAuth */ = {
			isa = XCSwiftPackageProductDependency;
			package = 11ECA65729C0247200D797C8 /* XCRemoteSwiftPackageReference "firebase-ios-sdk" */;
			productName = FirebaseAuth;
		};
		11ECA66029C0247200D797C8 /* FirebaseCrashlytics */ = {
			isa = XCSwiftPackageProductDependency;
			package = 11ECA65729C0247200D797C8 /* XCRemoteSwiftPackageReference "firebase-ios-sdk" */;
			productName = FirebaseCrashlytics;
		};
		11ECA66229C0247200D797C8 /* FirebaseDatabase */ = {
			isa = XCSwiftPackageProductDependency;
			package = 11ECA65729C0247200D797C8 /* XCRemoteSwiftPackageReference "firebase-ios-sdk" */;
			productName = FirebaseDatabase;
		};
		11ECA66429C0247200D797C8 /* FirebaseDatabaseSwift */ = {
			isa = XCSwiftPackageProductDependency;
			package = 11ECA65729C0247200D797C8 /* XCRemoteSwiftPackageReference "firebase-ios-sdk" */;
			productName = FirebaseDatabaseSwift;
		};
		11ECA66629C0247200D797C8 /* FirebaseFirestore */ = {
			isa = XCSwiftPackageProductDependency;
			package = 11ECA65729C0247200D797C8 /* XCRemoteSwiftPackageReference "firebase-ios-sdk" */;
			productName = FirebaseFirestore;
		};
		11ECA66829C0247200D797C8 /* FirebaseFirestoreSwift */ = {
			isa = XCSwiftPackageProductDependency;
			package = 11ECA65729C0247200D797C8 /* XCRemoteSwiftPackageReference "firebase-ios-sdk" */;
			productName = FirebaseFirestoreSwift;
		};
		11ECA66A29C0247200D797C8 /* FirebaseFunctions */ = {
			isa = XCSwiftPackageProductDependency;
			package = 11ECA65729C0247200D797C8 /* XCRemoteSwiftPackageReference "firebase-ios-sdk" */;
			productName = FirebaseFunctions;
		};
		11ECA66C29C0247200D797C8 /* FirebaseMessaging */ = {
			isa = XCSwiftPackageProductDependency;
			package = 11ECA65729C0247200D797C8 /* XCRemoteSwiftPackageReference "firebase-ios-sdk" */;
			productName = FirebaseMessaging;
		};
		11ECA66E29C0247200D797C8 /* FirebasePerformance */ = {
			isa = XCSwiftPackageProductDependency;
			package = 11ECA65729C0247200D797C8 /* XCRemoteSwiftPackageReference "firebase-ios-sdk" */;
			productName = FirebasePerformance;
		};
		11ECA67029C0247200D797C8 /* FirebaseStorage */ = {
			isa = XCSwiftPackageProductDependency;
			package = 11ECA65729C0247200D797C8 /* XCRemoteSwiftPackageReference "firebase-ios-sdk" */;
			productName = FirebaseStorage;
		};
/* End XCSwiftPackageProductDependency section */
	};
	rootObject = 11ECA63A29C01BA500D797C8 /* Project object */;
}
